
Microsoft Visual Studio Solution File, Format Version 12.00
# Visual Studio Version 17
VisualStudioVersion = 17.5.002.0
MinimumVisualStudioVersion = 10.0.40219.1
Project("{9A19103F-16F7-4668-BE54-9A1E7A4F7556}") = "c_trials", "c_trials.csproj", "{9C39233E-C599-4AA9-82B1-A83B90078317}"
EndProject
Global
	GlobalSection(SolutionConfigurationPlatforms) = preSolution
		Debug|Any CPU = Debug|Any CPU
		Release|Any CPU = Release|Any CPU
	EndGlobalSection
	GlobalSection(ProjectConfigurationPlatforms) = postSolution
		{9C39233E-C599-4AA9-82B1-A83B90078317}.Debug|Any CPU.ActiveCfg = Debug|Any CPU
		{9C39233E-C599-4AA9-82B1-A83B90078317}.Debug|Any CPU.Build.0 = Debug|Any CPU
		{9C39233E-C599-4AA9-82B1-A83B90078317}.Release|Any CPU.ActiveCfg = Release|Any CPU
		{9C39233E-C599-4AA9-82B1-A83B90078317}.Release|Any CPU.Build.0 = Release|Any CPU
	EndGlobalSection
	GlobalSection(SolutionProperties) = preSolution
		HideSolutionNode = FALSE
	EndGlobalSection
	GlobalSection(ExtensibilityGlobals) = postSolution
		SolutionGuid = {CC30C85D-6FC7-4AF0-B083-BB26F86DD35A}
	EndGlobalSection
EndGlobal
